
Microsoft Visual Studio Solution File, Format Version 12.00
# Visual Studio Version 16
VisualStudioVersion = 16.0.32510.428
MinimumVisualStudioVersion = 10.0.40219.1
Project("{9A19103F-16F7-4668-BE54-9A1E7A4F7556}") = "WebApp", "WebApp\WebApp.csproj", "{C4EC5DBD-7C0D-4317-B5D2-3AB3D89115CD}"
EndProject
Project("{9A19103F-16F7-4668-BE54-9A1E7A4F7556}") = "UseCases", "UseCases\UseCases.csproj", "{59D57759-D674-4A56-84F6-6B3CD8A9FB98}"
EndProject
Project("{9A19103F-16F7-4668-BE54-9A1E7A4F7556}") = "Business", "Business\Business.csproj", "{48430562-1674-4C50-B4FA-01ADFF718978}"
EndProject
Project("{9A19103F-16F7-4668-BE54-9A1E7A4F7556}") = "Plugins.DataStore.InMemory", "Plugins.DataStore.InMemory\Plugins.DataStore.InMemory.csproj", "{C2AF4CA3-7655-42E0-9CC1-D38240A3BD56}"
EndProject
Global
	GlobalSection(SolutionConfigurationPlatforms) = preSolution
		Debug|Any CPU = Debug|Any CPU
		Release|Any CPU = Release|Any CPU
	EndGlobalSection
	GlobalSection(ProjectConfigurationPlatforms) = postSolution
		{C4EC5DBD-7C0D-4317-B5D2-3AB3D89115CD}.Debug|Any CPU.ActiveCfg = Debug|Any CPU
		{C4EC5DBD-7C0D-4317-B5D2-3AB3D89115CD}.Debug|Any CPU.Build.0 = Debug|Any CPU
		{C4EC5DBD-7C0D-4317-B5D2-3AB3D89115CD}.Release|Any CPU.ActiveCfg = Release|Any CPU
		{C4EC5DBD-7C0D-4317-B5D2-3AB3D89115CD}.Release|Any CPU.Build.0 = Release|Any CPU
		{59D57759-D674-4A56-84F6-6B3CD8A9FB98}.Debug|Any CPU.ActiveCfg = Debug|Any CPU
		{59D57759-D674-4A56-84F6-6B3CD8A9FB98}.Debug|Any CPU.Build.0 = Debug|Any CPU
		{59D57759-D674-4A56-84F6-6B3CD8A9FB98}.Release|Any CPU.ActiveCfg = Release|Any CPU
		{59D57759-D674-4A56-84F6-6B3CD8A9FB98}.Release|Any CPU.Build.0 = Release|Any CPU
		{48430562-1674-4C50-B4FA-01ADFF718978}.Debug|Any CPU.ActiveCfg = Debug|Any CPU
		{48430562-1674-4C50-B4FA-01ADFF718978}.Debug|Any CPU.Build.0 = Debug|Any CPU
		{48430562-1674-4C50-B4FA-01ADFF718978}.Release|Any CPU.ActiveCfg = Release|Any CPU
		{48430562-1674-4C50-B4FA-01ADFF718978}.Release|Any CPU.Build.0 = Release|Any CPU
		{C2AF4CA3-7655-42E0-9CC1-D38240A3BD56}.Debug|Any CPU.ActiveCfg = Debug|Any CPU
		{C2AF4CA3-7655-42E0-9CC1-D38240A3BD56}.Debug|Any CPU.Build.0 = Debug|Any CPU
		{C2AF4CA3-7655-42E0-9CC1-D38240A3BD56}.Release|Any CPU.ActiveCfg = Release|Any CPU
		{C2AF4CA3-7655-42E0-9CC1-D38240A3BD56}.Release|Any CPU.Build.0 = Release|Any CPU
	EndGlobalSection
	GlobalSection(SolutionProperties) = preSolution
		HideSolutionNode = FALSE
	EndGlobalSection
	GlobalSection(ExtensibilityGlobals) = postSolution
		SolutionGuid = {527D78F5-A34A-4A4D-B4B0-A83D38A1A3A3}
	EndGlobalSection
EndGlobal
